
Microsoft Visual Studio Solution File, Format Version 12.00
# Visual Studio Version 17
VisualStudioVersion = 17.14.36414.22 d17.14
MinimumVisualStudioVersion = 10.0.40219.1
Project("{FAE04EC0-301F-11D3-BF4B-00C04F79EFBC}") = "Uxtrata", "Uxtrata\Uxtrata.csproj", "{4B62A9D5-274B-4F86-8957-E6BA4B193598}"
EndProject
Global
	GlobalSection(SolutionConfigurationPlatforms) = preSolution
		Debug|Any CPU = Debug|Any CPU
		Release|Any CPU = Release|Any CPU
	EndGlobalSection
	GlobalSection(ProjectConfigurationPlatforms) = postSolution
		{4B62A9D5-274B-4F86-8957-E6BA4B193598}.Debug|Any CPU.ActiveCfg = Debug|Any CPU
		{4B62A9D5-274B-4F86-8957-E6BA4B193598}.Debug|Any CPU.Build.0 = Debug|Any CPU
		{4B62A9D5-274B-4F86-8957-E6BA4B193598}.Release|Any CPU.ActiveCfg = Release|Any CPU
		{4B62A9D5-274B-4F86-8957-E6BA4B193598}.Release|Any CPU.Build.0 = Release|Any CPU
	EndGlobalSection
	GlobalSection(SolutionProperties) = preSolution
		HideSolutionNode = FALSE
	EndGlobalSection
	GlobalSection(ExtensibilityGlobals) = postSolution
		SolutionGuid = {34706440-5DCA-4176-AD3A-59587C67D2DD}
	EndGlobalSection
EndGlobal
